
Microsoft Visual Studio Solution File, Format Version 12.00
# Visual Studio 15
VisualStudioVersion = 15.0.27130.2020
MinimumVisualStudioVersion = 10.0.40219.1
Project("{FAE04EC0-301F-11D3-BF4B-00C04F79EFBC}") = "CalcGustavo1.Android", "CalcGustavo1\CalcGustavo1.Android\CalcGustavo1.Android.csproj", "{64862B81-FE5C-47E9-84C1-6753340BF97F}"
EndProject
Project("{FAE04EC0-301F-11D3-BF4B-00C04F79EFBC}") = "CalcGustavo1.iOS", "CalcGustavo1\CalcGustavo1.iOS\CalcGustavo1.iOS.csproj", "{C6B8F08E-F94B-4DD7-B3D3-A3B2B85167E6}"
EndProject
Project("{FAE04EC0-301F-11D3-BF4B-00C04F79EFBC}") = "CalcGustavo1.UWP", "CalcGustavo1\CalcGustavo1.UWP\CalcGustavo1.UWP.csproj", "{1D2650F1-C849-41A1-B6CA-5E03A7BEE31A}"
EndProject
Project("{FAE04EC0-301F-11D3-BF4B-00C04F79EFBC}") = "CalcGustavo1", "CalcGustavo1\CalcGustavo1\CalcGustavo1.csproj", "{8913246E-1197-47CB-9DA5-703E448FD66B}"
EndProject
Global
	GlobalSection(SolutionConfigurationPlatforms) = preSolution
		Ad-Hoc|Any CPU = Ad-Hoc|Any CPU
		Ad-Hoc|ARM = Ad-Hoc|ARM
		Ad-Hoc|iPhone = Ad-Hoc|iPhone
		Ad-Hoc|iPhoneSimulator = Ad-Hoc|iPhoneSimulator
		Ad-Hoc|x64 = Ad-Hoc|x64
		Ad-Hoc|x86 = Ad-Hoc|x86
		AppStore|Any CPU = AppStore|Any CPU
		AppStore|ARM = AppStore|ARM
		AppStore|iPhone = AppStore|iPhone
		AppStore|iPhoneSimulator = AppStore|iPhoneSimulator
		AppStore|x64 = AppStore|x64
		AppStore|x86 = AppStore|x86
		Debug|Any CPU = Debug|Any CPU
		Debug|ARM = Debug|ARM
		Debug|iPhone = Debug|iPhone
		Debug|iPhoneSimulator = Debug|iPhoneSimulator
		Debug|x64 = Debug|x64
		Debug|x86 = Debug|x86
		Release|Any CPU = Release|Any CPU
		Release|ARM = Release|ARM
		Release|iPhone = Release|iPhone
		Release|iPhoneSimulator = Release|iPhoneSimulator
		Release|x64 = Release|x64
		Release|x86 = Release|x86
	EndGlobalSection
	GlobalSection(ProjectConfigurationPlatforms) = postSolution
		{64862B81-FE5C-47E9-84C1-6753340BF97F}.Ad-Hoc|Any CPU.ActiveCfg = Release|Any CPU
		{64862B81-FE5C-47E9-84C1-6753340BF97F}.Ad-Hoc|Any CPU.Build.0 = Release|Any CPU
		{64862B81-FE5C-47E9-84C1-6753340BF97F}.Ad-Hoc|Any CPU.Deploy.0 = Release|Any CPU
		{64862B81-FE5C-47E9-84C1-6753340BF97F}.Ad-Hoc|ARM.ActiveCfg = Release|Any CPU
		{64862B81-FE5C-47E9-84C1-6753340BF97F}.Ad-Hoc|ARM.Build.0 = Release|Any CPU
		{64862B81-FE5C-47E9-84C1-6753340BF97F}.Ad-Hoc|ARM.Deploy.0 = Release|Any CPU
		{64862B81-FE5C-47E9-84C1-6753340BF97F}.Ad-Hoc|iPhone.ActiveCfg = Release|Any CPU
		{64862B81-FE5C-47E9-84C1-6753340BF97F}.Ad-Hoc|iPhone.Build.0 = Release|Any CPU
		{64862B81-FE5C-47E9-84C1-6753340BF97F}.Ad-Hoc|iPhone.Deploy.0 = Release|Any CPU
		{64862B81-FE5C-47E9-84C1-6753340BF97F}.Ad-Hoc|iPhoneSimulator.ActiveCfg = Release|Any CPU
		{64862B81-FE5C-47E9-84C1-6753340BF97F}.Ad-Hoc|iPhoneSimulator.Build.0 = Release|Any CPU
		{64862B81-FE5C-47E9-84C1-6753340BF97F}.Ad-Hoc|iPhoneSimulator.Deploy.0 = Release|Any CPU
		{64862B81-FE5C-47E9-84C1-6753340BF97F}.Ad-Hoc|x64.ActiveCfg = Release|Any CPU
		{64862B81-FE5C-47E9-84C1-6753340BF97F}.Ad-Hoc|x64.Build.0 = Release|Any CPU
		{64862B81-FE5C-47E9-84C1-6753340BF97F}.Ad-Hoc|x64.Deploy.0 = Release|Any CPU
		{64862B81-FE5C-47E9-84C1-6753340BF97F}.Ad-Hoc|x86.ActiveCfg = Release|Any CPU
		{64862B81-FE5C-47E9-84C1-6753340BF97F}.Ad-Hoc|x86.Build.0 = Release|Any CPU
		{64862B81-FE5C-47E9-84C1-6753340BF97F}.Ad-Hoc|x86.Deploy.0 = Release|Any CPU
		{64862B81-FE5C-47E9-84C1-6753340BF97F}.AppStore|Any CPU.ActiveCfg = Release|Any CPU
		{64862B81-FE5C-47E9-84C1-6753340BF97F}.AppStore|Any CPU.Build.0 = Release|Any CPU
		{64862B81-FE5C-47E9-84C1-6753340BF97F}.AppStore|Any CPU.Deploy.0 = Release|Any CPU
		{64862B81-FE5C-47E9-84C1-6753340BF97F}.AppStore|ARM.ActiveCfg = Release|Any CPU
		{64862B81-FE5C-47E9-84C1-6753340BF97F}.AppStore|ARM.Build.0 = Release|Any CPU
		{64862B81-FE5C-47E9-84C1-6753340BF97F}.AppStore|ARM.Deploy.0 = Release|Any CPU
		{64862B81-FE5C-47E9-84C1-6753340BF97F}.AppStore|iPhone.ActiveCfg = Release|Any CPU
		{64862B81-FE5C-47E9-84C1-6753340BF97F}.AppStore|iPhone.Build.0 = Release|Any CPU
		{64862B81-FE5C-47E9-84C1-6753340BF97F}.AppStore|iPhone.Deploy.0 = Release|Any CPU
		{64862B81-FE5C-47E9-84C1-6753340BF97F}.AppStore|iPhoneSimulator.ActiveCfg = Release|Any CPU
		{64862B81-FE5C-47E9-84C1-6753340BF97F}.AppStore|iPhoneSimulator.Build.0 = Release|Any CPU
		{64862B81-FE5C-47E9-84C1-6753340BF97F}.AppStore|iPhoneSimulator.Deploy.0 = Release|Any CPU
		{64862B81-FE5C-47E9-84C1-6753340BF97F}.AppStore|x64.ActiveCfg = Release|Any CPU
		{64862B81-FE5C-47E9-84C1-6753340BF97F}.AppStore|x64.Build.0 = Release|Any CPU
		{64862B81-FE5C-47E9-84C1-6753340BF97F}.AppStore|x64.Deploy.0 = Release|Any CPU
		{64862B81-FE5C-47E9-84C1-6753340BF97F}.AppStore|x86.ActiveCfg = Release|Any CPU
		{64862B81-FE5C-47E9-84C1-6753340BF97F}.AppStore|x86.Build.0 = Release|Any CPU
		{64862B81-FE5C-47E9-84C1-6753340BF97F}.AppStore|x86.Deploy.0 = Release|Any CPU
		{64862B81-FE5C-47E9-84C1-6753340BF97F}.Debug|Any CPU.ActiveCfg = Debug|Any CPU
		{64862B81-FE5C-47E9-84C1-6753340BF97F}.Debug|Any CPU.Build.0 = Debug|Any CPU
		{64862B81-FE5C-47E9-84C1-6753340BF97F}.Debug|Any CPU.Deploy.0 = Debug|Any CPU
		{64862B81-FE5C-47E9-84C1-6753340BF97F}.Debug|ARM.ActiveCfg = Debug|Any CPU
		{64862B81-FE5C-47E9-84C1-6753340BF97F}.Debug|ARM.Build.0 = Debug|Any CPU
		{64862B81-FE5C-47E9-84C1-6753340BF97F}.Debug|ARM.Deploy.0 = Debug|Any CPU
		{64862B81-FE5C-47E9-84C1-6753340BF97F}.Debug|iPhone.ActiveCfg = Debug|Any CPU
		{64862B81-FE5C-47E9-84C1-6753340BF97F}.Debug|iPhone.Build.0 = Debug|Any CPU
		{64862B81-FE5C-47E9-84C1-6753340BF97F}.Debug|iPhone.Deploy.0 = Debug|Any CPU
		{64862B81-FE5C-47E9-84C1-6753340BF97F}.Debug|iPhoneSimulator.ActiveCfg = Debug|Any CPU
		{64862B81-FE5C-47E9-84C1-6753340BF97F}.Debug|iPhoneSimulator.Build.0 = Debug|Any CPU
		{64862B81-FE5C-47E9-84C1-6753340BF97F}.Debug|iPhoneSimulator.Deploy.0 = Debug|Any CPU
		{64862B81-FE5C-47E9-84C1-6753340BF97F}.Debug|x64.ActiveCfg = Debug|Any CPU
		{64862B81-FE5C-47E9-84C1-6753340BF97F}.Debug|x64.Build.0 = Debug|Any CPU
		{64862B81-FE5C-47E9-84C1-6753340BF97F}.Debug|x64.Deploy.0 = Debug|Any CPU
		{64862B81-FE5C-47E9-84C1-6753340BF97F}.Debug|x86.ActiveCfg = Debug|Any CPU
		{64862B81-FE5C-47E9-84C1-6753340BF97F}.Debug|x86.Build.0 = Debug|Any CPU
		{64862B81-FE5C-47E9-84C1-6753340BF97F}.Debug|x86.Deploy.0 = Debug|Any CPU
		{64862B81-FE5C-47E9-84C1-6753340BF97F}.Release|Any CPU.ActiveCfg = Release|Any CPU
		{64862B81-FE5C-47E9-84C1-6753340BF97F}.Release|Any CPU.Build.0 = Release|Any CPU
		{64862B81-FE5C-47E9-84C1-6753340BF97F}.Release|Any CPU.Deploy.0 = Release|Any CPU
		{64862B81-FE5C-47E9-84C1-6753340BF97F}.Release|ARM.ActiveCfg = Release|Any CPU
		{64862B81-FE5C-47E9-84C1-6753340BF97F}.Release|ARM.Build.0 = Release|Any CPU
		{64862B81-FE5C-47E9-84C1-6753340BF97F}.Release|ARM.Deploy.0 = Release|Any CPU
		{64862B81-FE5C-47E9-84C1-6753340BF97F}.Release|iPhone.ActiveCfg = Release|Any CPU
		{64862B81-FE5C-47E9-84C1-6753340BF97F}.Release|iPhone.Build.0 = Release|Any CPU
		{64862B81-FE5C-47E9-84C1-6753340BF97F}.Release|iPhone.Deploy.0 = Release|Any CPU
		{64862B81-FE5C-47E9-84C1-6753340BF97F}.Release|iPhoneSimulator.ActiveCfg = Release|Any CPU
		{64862B81-FE5C-47E9-84C1-6753340BF97F}.Release|iPhoneSimulator.Build.0 = Release|Any CPU
		{64862B81-FE5C-47E9-84C1-6753340BF97F}.Release|iPhoneSimulator.Deploy.0 = Release|Any CPU
		{64862B81-FE5C-47E9-84C1-6753340BF97F}.Release|x64.ActiveCfg = Release|Any CPU
		{64862B81-FE5C-47E9-84C1-6753340BF97F}.Release|x64.Build.0 = Release|Any CPU
		{64862B81-FE5C-47E9-84C1-6753340BF97F}.Release|x64.Deploy.0 = Release|Any CPU
		{64862B81-FE5C-47E9-84C1-6753340BF97F}.Release|x86.ActiveCfg = Release|Any CPU
		{64862B81-FE5C-47E9-84C1-6753340BF97F}.Release|x86.Build.0 = Release|Any CPU
		{64862B81-FE5C-47E9-84C1-6753340BF97F}.Release|x86.Deploy.0 = Release|Any CPU
		{C6B8F08E-F94B-4DD7-B3D3-A3B2B85167E6}.Ad-Hoc|Any CPU.ActiveCfg = Ad-Hoc|iPhone
		{C6B8F08E-F94B-4DD7-B3D3-A3B2B85167E6}.Ad-Hoc|ARM.ActiveCfg = Ad-Hoc|iPhone
		{C6B8F08E-F94B-4DD7-B3D3-A3B2B85167E6}.Ad-Hoc|iPhone.ActiveCfg = Ad-Hoc|iPhone
		{C6B8F08E-F94B-4DD7-B3D3-A3B2B85167E6}.Ad-Hoc|iPhone.Build.0 = Ad-Hoc|iPhone
		{C6B8F08E-F94B-4DD7-B3D3-A3B2B85167E6}.Ad-Hoc|iPhoneSimulator.ActiveCfg = Ad-Hoc|iPhoneSimulator
		{C6B8F08E-F94B-4DD7-B3D3-A3B2B85167E6}.Ad-Hoc|iPhoneSimulator.Build.0 = Ad-Hoc|iPhoneSimulator
		{C6B8F08E-F94B-4DD7-B3D3-A3B2B85167E6}.Ad-Hoc|x64.ActiveCfg = Ad-Hoc|iPhone
		{C6B8F08E-F94B-4DD7-B3D3-A3B2B85167E6}.Ad-Hoc|x86.ActiveCfg = Ad-Hoc|iPhone
		{C6B8F08E-F94B-4DD7-B3D3-A3B2B85167E6}.AppStore|Any CPU.ActiveCfg = AppStore|iPhone
		{C6B8F08E-F94B-4DD7-B3D3-A3B2B85167E6}.AppStore|ARM.ActiveCfg = AppStore|iPhone
		{C6B8F08E-F94B-4DD7-B3D3-A3B2B85167E6}.AppStore|iPhone.ActiveCfg = AppStore|iPhone
		{C6B8F08E-F94B-4DD7-B3D3-A3B2B85167E6}.AppStore|iPhone.Build.0 = AppStore|iPhone
		{C6B8F08E-F94B-4DD7-B3D3-A3B2B85167E6}.AppStore|iPhoneSimulator.ActiveCfg = AppStore|iPhoneSimulator
		{C6B8F08E-F94B-4DD7-B3D3-A3B2B85167E6}.AppStore|iPhoneSimulator.Build.0 = AppStore|iPhoneSimulator
		{C6B8F08E-F94B-4DD7-B3D3-A3B2B85167E6}.AppStore|x64.ActiveCfg = AppStore|iPhone
		{C6B8F08E-F94B-4DD7-B3D3-A3B2B85167E6}.AppStore|x86.ActiveCfg = AppStore|iPhone
		{C6B8F08E-F94B-4DD7-B3D3-A3B2B85167E6}.Debug|Any CPU.ActiveCfg = Debug|iPhone
		{C6B8F08E-F94B-4DD7-B3D3-A3B2B85167E6}.Debug|ARM.ActiveCfg = Debug|iPhone
		{C6B8F08E-F94B-4DD7-B3D3-A3B2B85167E6}.Debug|iPhone.ActiveCfg = Debug|iPhone
		{C6B8F08E-F94B-4DD7-B3D3-A3B2B85167E6}.Debug|iPhone.Build.0 = Debug|iPhone
		{C6B8F08E-F94B-4DD7-B3D3-A3B2B85167E6}.Debug|iPhoneSimulator.ActiveCfg = Debug|iPhoneSimulator
		{C6B8F08E-F94B-4DD7-B3D3-A3B2B85167E6}.Debug|iPhoneSimulator.Build.0 = Debug|iPhoneSimulator
		{C6B8F08E-F94B-4DD7-B3D3-A3B2B85167E6}.Debug|x64.ActiveCfg = Debug|iPhone
		{C6B8F08E-F94B-4DD7-B3D3-A3B2B85167E6}.Debug|x86.ActiveCfg = Debug|iPhone
		{C6B8F08E-F94B-4DD7-B3D3-A3B2B85167E6}.Release|Any CPU.ActiveCfg = Release|iPhone
		{C6B8F08E-F94B-4DD7-B3D3-A3B2B85167E6}.Release|ARM.ActiveCfg = Release|iPhone
		{C6B8F08E-F94B-4DD7-B3D3-A3B2B85167E6}.Release|iPhone.ActiveCfg = Release|iPhone
		{C6B8F08E-F94B-4DD7-B3D3-A3B2B85167E6}.Release|iPhone.Build.0 = Release|iPhone
		{C6B8F08E-F94B-4DD7-B3D3-A3B2B85167E6}.Release|iPhoneSimulator.ActiveCfg = Release|iPhoneSimulator
		{C6B8F08E-F94B-4DD7-B3D3-A3B2B85167E6}.Release|iPhoneSimulator.Build.0 = Release|iPhoneSimulator
		{C6B8F08E-F94B-4DD7-B3D3-A3B2B85167E6}.Release|x64.ActiveCfg = Release|iPhone
		{C6B8F08E-F94B-4DD7-B3D3-A3B2B85167E6}.Release|x86.ActiveCfg = Release|iPhone
		{1D2650F1-C849-41A1-B6CA-5E03A7BEE31A}.Ad-Hoc|Any CPU.ActiveCfg = Release|x86
		{1D2650F1-C849-41A1-B6CA-5E03A7BEE31A}.Ad-Hoc|Any CPU.Build.0 = Release|x86
		{1D2650F1-C849-41A1-B6CA-5E03A7BEE31A}.Ad-Hoc|Any CPU.Deploy.0 = Release|x86
		{1D2650F1-C849-41A1-B6CA-5E03A7BEE31A}.Ad-Hoc|ARM.ActiveCfg = Release|ARM
		{1D2650F1-C849-41A1-B6CA-5E03A7BEE31A}.Ad-Hoc|ARM.Build.0 = Release|ARM
		{1D2650F1-C849-41A1-B6CA-5E03A7BEE31A}.Ad-Hoc|ARM.Deploy.0 = Release|ARM
		{1D2650F1-C849-41A1-B6CA-5E03A7BEE31A}.Ad-Hoc|iPhone.ActiveCfg = Release|x86
		{1D2650F1-C849-41A1-B6CA-5E03A7BEE31A}.Ad-Hoc|iPhone.Build.0 = Release|x86
		{1D2650F1-C849-41A1-B6CA-5E03A7BEE31A}.Ad-Hoc|iPhone.Deploy.0 = Release|x86
		{1D2650F1-C849-41A1-B6CA-5E03A7BEE31A}.Ad-Hoc|iPhoneSimulator.ActiveCfg = Release|x86
		{1D2650F1-C849-41A1-B6CA-5E03A7BEE31A}.Ad-Hoc|iPhoneSimulator.Build.0 = Release|x86
		{1D2650F1-C849-41A1-B6CA-5E03A7BEE31A}.Ad-Hoc|iPhoneSimulator.Deploy.0 = Release|x86
		{1D2650F1-C849-41A1-B6CA-5E03A7BEE31A}.Ad-Hoc|x64.ActiveCfg = Release|x64
		{1D2650F1-C849-41A1-B6CA-5E03A7BEE31A}.Ad-Hoc|x64.Build.0 = Release|x64
		{1D2650F1-C849-41A1-B6CA-5E03A7BEE31A}.Ad-Hoc|x64.Deploy.0 = Release|x64
		{1D2650F1-C849-41A1-B6CA-5E03A7BEE31A}.Ad-Hoc|x86.ActiveCfg = Release|x86
		{1D2650F1-C849-41A1-B6CA-5E03A7BEE31A}.Ad-Hoc|x86.Build.0 = Release|x86
		{1D2650F1-C849-41A1-B6CA-5E03A7BEE31A}.Ad-Hoc|x86.Deploy.0 = Release|x86
		{1D2650F1-C849-41A1-B6CA-5E03A7BEE31A}.AppStore|Any CPU.ActiveCfg = Release|x86
		{1D2650F1-C849-41A1-B6CA-5E03A7BEE31A}.AppStore|Any CPU.Build.0 = Release|x86
		{1D2650F1-C849-41A1-B6CA-5E03A7BEE31A}.AppStore|Any CPU.Deploy.0 = Release|x86
		{1D2650F1-C849-41A1-B6CA-5E03A7BEE31A}.AppStore|ARM.ActiveCfg = Release|ARM
		{1D2650F1-C849-41A1-B6CA-5E03A7BEE31A}.AppStore|ARM.Build.0 = Release|ARM
		{1D2650F1-C849-41A1-B6CA-5E03A7BEE31A}.AppStore|ARM.Deploy.0 = Release|ARM
		{1D2650F1-C849-41A1-B6CA-5E03A7BEE31A}.AppStore|iPhone.ActiveCfg = Release|x86
		{1D2650F1-C849-41A1-B6CA-5E03A7BEE31A}.AppStore|iPhone.Build.0 = Release|x86
		{1D2650F1-C849-41A1-B6CA-5E03A7BEE31A}.AppStore|iPhone.Deploy.0 = Release|x86
		{1D2650F1-C849-41A1-B6CA-5E03A7BEE31A}.AppStore|iPhoneSimulator.ActiveCfg = Release|x86
		{1D2650F1-C849-41A1-B6CA-5E03A7BEE31A}.AppStore|iPhoneSimulator.Build.0 = Release|x86
		{1D2650F1-C849-41A1-B6CA-5E03A7BEE31A}.AppStore|iPhoneSimulator.Deploy.0 = Release|x86
		{1D2650F1-C849-41A1-B6CA-5E03A7BEE31A}.AppStore|x64.ActiveCfg = Release|x64
		{1D2650F1-C849-41A1-B6CA-5E03A7BEE31A}.AppStore|x64.Build.0 = Release|x64
		{1D2650F1-C849-41A1-B6CA-5E03A7BEE31A}.AppStore|x64.Deploy.0 = Release|x64
		{1D2650F1-C849-41A1-B6CA-5E03A7BEE31A}.AppStore|x86.ActiveCfg = Release|x86
		{1D2650F1-C849-41A1-B6CA-5E03A7BEE31A}.AppStore|x86.Build.0 = Release|x86
		{1D2650F1-C849-41A1-B6CA-5E03A7BEE31A}.AppStore|x86.Deploy.0 = Release|x86
		{1D2650F1-C849-41A1-B6CA-5E03A7BEE31A}.Debug|Any CPU.ActiveCfg = Debug|x86
		{1D2650F1-C849-41A1-B6CA-5E03A7BEE31A}.Debug|ARM.ActiveCfg = Debug|ARM
		{1D2650F1-C849-41A1-B6CA-5E03A7BEE31A}.Debug|ARM.Build.0 = Debug|ARM
		{1D2650F1-C849-41A1-B6CA-5E03A7BEE31A}.Debug|ARM.Deploy.0 = Debug|ARM
		{1D2650F1-C849-41A1-B6CA-5E03A7BEE31A}.Debug|iPhone.ActiveCfg = Debug|x86
		{1D2650F1-C849-41A1-B6CA-5E03A7BEE31A}.Debug|iPhoneSimulator.ActiveCfg = Debug|x86
		{1D2650F1-C849-41A1-B6CA-5E03A7BEE31A}.Debug|x64.ActiveCfg = Debug|x64
		{1D2650F1-C849-41A1-B6CA-5E03A7BEE31A}.Debug|x64.Build.0 = Debug|x64
		{1D2650F1-C849-41A1-B6CA-5E03A7BEE31A}.Debug|x64.Deploy.0 = Debug|x64
		{1D2650F1-C849-41A1-B6CA-5E03A7BEE31A}.Debug|x86.ActiveCfg = Debug|x86
		{1D2650F1-C849-41A1-B6CA-5E03A7BEE31A}.Debug|x86.Build.0 = Debug|x86
		{1D2650F1-C849-41A1-B6CA-5E03A7BEE31A}.Debug|x86.Deploy.0 = Debug|x86
		{1D2650F1-C849-41A1-B6CA-5E03A7BEE31A}.Release|Any CPU.ActiveCfg = Release|x86
		{1D2650F1-C849-41A1-B6CA-5E03A7BEE31A}.Release|ARM.ActiveCfg = Release|ARM
		{1D2650F1-C849-41A1-B6CA-5E03A7BEE31A}.Release|ARM.Build.0 = Release|ARM
		{1D2650F1-C849-41A1-B6CA-5E03A7BEE31A}.Release|ARM.Deploy.0 = Release|ARM
		{1D2650F1-C849-41A1-B6CA-5E03A7BEE31A}.Release|iPhone.ActiveCfg = Release|x86
		{1D2650F1-C849-41A1-B6CA-5E03A7BEE31A}.Release|iPhoneSimulator.ActiveCfg = Release|x86
		{1D2650F1-C849-41A1-B6CA-5E03A7BEE31A}.Release|x64.ActiveCfg = Release|x64
		{1D2650F1-C849-41A1-B6CA-5E03A7BEE31A}.Release|x64.Build.0 = Release|x64
		{1D2650F1-C849-41A1-B6CA-5E03A7BEE31A}.Release|x64.Deploy.0 = Release|x64
		{1D2650F1-C849-41A1-B6CA-5E03A7BEE31A}.Release|x86.ActiveCfg = Release|x86
		{1D2650F1-C849-41A1-B6CA-5E03A7BEE31A}.Release|x86.Build.0 = Release|x86
		{1D2650F1-C849-41A1-B6CA-5E03A7BEE31A}.Release|x86.Deploy.0 = Release|x86
		{8913246E-1197-47CB-9DA5-703E448FD66B}.Ad-Hoc|Any CPU.ActiveCfg = Debug|Any CPU
		{8913246E-1197-47CB-9DA5-703E448FD66B}.Ad-Hoc|Any CPU.Build.0 = Debug|Any CPU
		{8913246E-1197-47CB-9DA5-703E448FD66B}.Ad-Hoc|ARM.ActiveCfg = Debug|Any CPU
		{8913246E-1197-47CB-9DA5-703E448FD66B}.Ad-Hoc|ARM.Build.0 = Debug|Any CPU
		{8913246E-1197-47CB-9DA5-703E448FD66B}.Ad-Hoc|iPhone.ActiveCfg = Debug|Any CPU
		{8913246E-1197-47CB-9DA5-703E448FD66B}.Ad-Hoc|iPhone.Build.0 = Debug|Any CPU
		{8913246E-1197-47CB-9DA5-703E448FD66B}.Ad-Hoc|iPhoneSimulator.ActiveCfg = Debug|Any CPU
		{8913246E-1197-47CB-9DA5-703E448FD66B}.Ad-Hoc|iPhoneSimulator.Build.0 = Debug|Any CPU
		{8913246E-1197-47CB-9DA5-703E448FD66B}.Ad-Hoc|x64.ActiveCfg = Debug|Any CPU
		{8913246E-1197-47CB-9DA5-703E448FD66B}.Ad-Hoc|x64.Build.0 = Debug|Any CPU
		{8913246E-1197-47CB-9DA5-703E448FD66B}.Ad-Hoc|x86.ActiveCfg = Debug|Any CPU
		{8913246E-1197-47CB-9DA5-703E448FD66B}.Ad-Hoc|x86.Build.0 = Debug|Any CPU
		{8913246E-1197-47CB-9DA5-703E448FD66B}.AppStore|Any CPU.ActiveCfg = Debug|Any CPU
		{8913246E-1197-47CB-9DA5-703E448FD66B}.AppStore|Any CPU.Build.0 = Debug|Any CPU
		{8913246E-1197-47CB-9DA5-703E448FD66B}.AppStore|ARM.ActiveCfg = Debug|Any CPU
		{8913246E-1197-47CB-9DA5-703E448FD66B}.AppStore|ARM.Build.0 = Debug|Any CPU
		{8913246E-1197-47CB-9DA5-703E448FD66B}.AppStore|iPhone.ActiveCfg = Debug|Any CPU
		{8913246E-1197-47CB-9DA5-703E448FD66B}.AppStore|iPhone.Build.0 = Debug|Any CPU
		{8913246E-1197-47CB-9DA5-703E448FD66B}.AppStore|iPhoneSimulator.ActiveCfg = Debug|Any CPU
		{8913246E-1197-47CB-9DA5-703E448FD66B}.AppStore|iPhoneSimulator.Build.0 = Debug|Any CPU
		{8913246E-1197-47CB-9DA5-703E448FD66B}.AppStore|x64.ActiveCfg = Debug|Any CPU
		{8913246E-1197-47CB-9DA5-703E448FD66B}.AppStore|x64.Build.0 = Debug|Any CPU
		{8913246E-1197-47CB-9DA5-703E448FD66B}.AppStore|x86.ActiveCfg = Debug|Any CPU
		{8913246E-1197-47CB-9DA5-703E448FD66B}.AppStore|x86.Build.0 = Debug|Any CPU
		{8913246E-1197-47CB-9DA5-703E448FD66B}.Debug|Any CPU.ActiveCfg = Debug|Any CPU
		{8913246E-1197-47CB-9DA5-703E448FD66B}.Debug|Any CPU.Build.0 = Debug|Any CPU
		{8913246E-1197-47CB-9DA5-703E448FD66B}.Debug|ARM.ActiveCfg = Debug|Any CPU
		{8913246E-1197-47CB-9DA5-703E448FD66B}.Debug|ARM.Build.0 = Debug|Any CPU
		{8913246E-1197-47CB-9DA5-703E448FD66B}.Debug|iPhone.ActiveCfg = Debug|Any CPU
		{8913246E-1197-47CB-9DA5-703E448FD66B}.Debug|iPhone.Build.0 = Debug|Any CPU
		{8913246E-1197-47CB-9DA5-703E448FD66B}.Debug|iPhoneSimulator.ActiveCfg = Debug|Any CPU
		{8913246E-1197-47CB-9DA5-703E448FD66B}.Debug|iPhoneSimulator.Build.0 = Debug|Any CPU
		{8913246E-1197-47CB-9DA5-703E448FD66B}.Debug|x64.ActiveCfg = Debug|Any CPU
		{8913246E-1197-47CB-9DA5-703E448FD66B}.Debug|x64.Build.0 = Debug|Any CPU
		{8913246E-1197-47CB-9DA5-703E448FD66B}.Debug|x86.ActiveCfg = Debug|Any CPU
		{8913246E-1197-47CB-9DA5-703E448FD66B}.Debug|x86.Build.0 = Debug|Any CPU
		{8913246E-1197-47CB-9DA5-703E448FD66B}.Release|Any CPU.ActiveCfg = Release|Any CPU
		{8913246E-1197-47CB-9DA5-703E448FD66B}.Release|Any CPU.Build.0 = Release|Any CPU
		{8913246E-1197-47CB-9DA5-703E448FD66B}.Release|ARM.ActiveCfg = Release|Any CPU
		{8913246E-1197-47CB-9DA5-703E448FD66B}.Release|ARM.Build.0 = Release|Any CPU
		{8913246E-1197-47CB-9DA5-703E448FD66B}.Release|iPhone.ActiveCfg = Release|Any CPU
		{8913246E-1197-47CB-9DA5-703E448FD66B}.Release|iPhone.Build.0 = Release|Any CPU
		{8913246E-1197-47CB-9DA5-703E448FD66B}.Release|iPhoneSimulator.ActiveCfg = Release|Any CPU
		{8913246E-1197-47CB-9DA5-703E448FD66B}.Release|iPhoneSimulator.Build.0 = Release|Any CPU
		{8913246E-1197-47CB-9DA5-703E448FD66B}.Release|x64.ActiveCfg = Release|Any CPU
		{8913246E-1197-47CB-9DA5-703E448FD66B}.Release|x64.Build.0 = Release|Any CPU
		{8913246E-1197-47CB-9DA5-703E448FD66B}.Release|x86.ActiveCfg = Release|Any CPU
		{8913246E-1197-47CB-9DA5-703E448FD66B}.Release|x86.Build.0 = Release|Any CPU
	EndGlobalSection
	GlobalSection(SolutionProperties) = preSolution
		HideSolutionNode = FALSE
	EndGlobalSection
	GlobalSection(ExtensibilityGlobals) = postSolution
		SolutionGuid = {EA636C9E-E428-493D-BD2D-FDABDC804451}
	EndGlobalSection
EndGlobal
